// !$*UTF8*$!
{
	archiveVersion = 1;
	classes = {
	};
	objectVersion = 55;
	objects = {

/* Begin PBXBuildFile section */
		7CDFF9092994D7D500C385E3 /* AppDelegate.swift in Sources */ = {isa = PBXBuildFile; fileRef = 7CDFF9082994D7D500C385E3 /* AppDelegate.swift */; };
		7CDFF90B2994D7D500C385E3 /* SceneDelegate.swift in Sources */ = {isa = PBXBuildFile; fileRef = 7CDFF90A2994D7D500C385E3 /* SceneDelegate.swift */; };
		7CDFF90D2994D7D500C385E3 /* ViewController.swift in Sources */ = {isa = PBXBuildFile; fileRef = 7CDFF90C2994D7D500C385E3 /* ViewController.swift */; };
		7CDFF9102994D7D500C385E3 /* Main.storyboard in Resources */ = {isa = PBXBuildFile; fileRef = 7CDFF90E2994D7D500C385E3 /* Main.storyboard */; };
		7CDFF9122994D7DA00C385E3 /* Assets.xcassets in Resources */ = {isa = PBXBuildFile; fileRef = 7CDFF9112994D7DA00C385E3 /* Assets.xcassets */; };
		7CDFF9152994D7DA00C385E3 /* LaunchScreen.storyboard in Resources */ = {isa = PBXBuildFile; fileRef = 7CDFF9132994D7DA00C385E3 /* LaunchScreen.storyboard */; };
		7CDFF9202994D7DA00C385E3 /* GeiselTimeTests.swift in Sources */ = {isa = PBXBuildFile; fileRef = 7CDFF91F2994D7DA00C385E3 /* GeiselTimeTests.swift */; };
		7CDFF92A2994D7DA00C385E3 /* GeiselTimeUITests.swift in Sources */ = {isa = PBXBuildFile; fileRef = 7CDFF9292994D7DA00C385E3 /* GeiselTimeUITests.swift */; };
		7CDFF92C2994D7DA00C385E3 /* GeiselTimeUITestsLaunchTests.swift in Sources */ = {isa = PBXBuildFile; fileRef = 7CDFF92B2994D7DA00C385E3 /* GeiselTimeUITestsLaunchTests.swift */; };
/* End PBXBuildFile section */

/* Begin PBXContainerItemProxy section */
		7CDFF91C2994D7DA00C385E3 /* PBXContainerItemProxy */ = {
			isa = PBXContainerItemProxy;
			containerPortal = 7CDFF8FD2994D7D500C385E3 /* Project object */;
			proxyType = 1;
			remoteGlobalIDString = 7CDFF9042994D7D500C385E3;
			remoteInfo = GeiselTime;
		};
		7CDFF9262994D7DA00C385E3 /* PBXContainerItemProxy */ = {
			isa = PBXContainerItemProxy;
			containerPortal = 7CDFF8FD2994D7D500C385E3 /* Project object */;
			proxyType = 1;
			remoteGlobalIDString = 7CDFF9042994D7D500C385E3;
			remoteInfo = GeiselTime;
		};
/* End PBXContainerItemProxy section */

/* Begin PBXFileReference section */
		7CDFF9052994D7D500C385E3 /* GeiselTime.app */ = {isa = PBXFileReference; explicitFileType = wrapper.application; includeInIndex = 0; path = GeiselTime.app; sourceTree = BUILT_PRODUCTS_DIR; };
		7CDFF9082994D7D500C385E3 /* AppDelegate.swift */ = {isa = PBXFileReference; lastKnownFileType = sourcecode.swift; path = AppDelegate.swift; sourceTree = "<group>"; };
		7CDFF90A2994D7D500C385E3 /* SceneDelegate.swift */ = {isa = PBXFileReference; lastKnownFileType = sourcecode.swift; path = SceneDelegate.swift; sourceTree = "<group>"; };
		7CDFF90C2994D7D500C385E3 /* ViewController.swift */ = {isa = PBXFileReference; lastKnownFileType = sourcecode.swift; path = ViewController.swift; sourceTree = "<group>"; };
		7CDFF90F2994D7D500C385E3 /* Base */ = {isa = PBXFileReference; lastKnownFileType = file.storyboard; name = Base; path = Base.lproj/Main.storyboard; sourceTree = "<group>"; };
		7CDFF9112994D7DA00C385E3 /* Assets.xcassets */ = {isa = PBXFileReference; lastKnownFileType = folder.assetcatalog; path = Assets.xcassets; sourceTree = "<group>"; };
		7CDFF9142994D7DA00C385E3 /* Base */ = {isa = PBXFileReference; lastKnownFileType = file.storyboard; name = Base; path = Base.lproj/LaunchScreen.storyboard; sourceTree = "<group>"; };
		7CDFF9162994D7DA00C385E3 /* Info.plist */ = {isa = PBXFileReference; lastKnownFileType = text.plist.xml; path = Info.plist; sourceTree = "<group>"; };
		7CDFF91B2994D7DA00C385E3 /* GeiselTimeTests.xctest */ = {isa = PBXFileReference; explicitFileType = wrapper.cfbundle; includeInIndex = 0; path = GeiselTimeTests.xctest; sourceTree = BUILT_PRODUCTS_DIR; };
		7CDFF91F2994D7DA00C385E3 /* GeiselTimeTests.swift */ = {isa = PBXFileReference; lastKnownFileType = sourcecode.swift; path = GeiselTimeTests.swift; sourceTree = "<group>"; };
		7CDFF9252994D7DA00C385E3 /* GeiselTimeUITests.xctest */ = {isa = PBXFileReference; explicitFileType = wrapper.cfbundle; includeInIndex = 0; path = GeiselTimeUITests.xctest; sourceTree = BUILT_PRODUCTS_DIR; };
		7CDFF9292994D7DA00C385E3 /* GeiselTimeUITests.swift */ = {isa = PBXFileReference; lastKnownFileType = sourcecode.swift; path = GeiselTimeUITests.swift; sourceTree = "<group>"; };
		7CDFF92B2994D7DA00C385E3 /* GeiselTimeUITestsLaunchTests.swift */ = {isa = PBXFileReference; lastKnownFileType = sourcecode.swift; path = GeiselTimeUITestsLaunchTests.swift; sourceTree = "<group>"; };
/* End PBXFileReference section */

/* Begin PBXFrameworksBuildPhase section */
		7CDFF9022994D7D500C385E3 /* Frameworks */ = {
			isa = PBXFrameworksBuildPhase;
			buildActionMask = 2147483647;
			files = (
			);
			runOnlyForDeploymentPostprocessing = 0;
		};
		7CDFF9182994D7DA00C385E3 /* Frameworks */ = {
			isa = PBXFrameworksBuildPhase;
			buildActionMask = 2147483647;
			files = (
			);
			runOnlyForDeploymentPostprocessing = 0;
		};
		7CDFF9222994D7DA00C385E3 /* Frameworks */ = {
			isa = PBXFrameworksBuildPhase;
			buildActionMask = 2147483647;
			files = (
			);
			runOnlyForDeploymentPostprocessing = 0;
		};
/* End PBXFrameworksBuildPhase section */

/* Begin PBXGroup section */
		7CDFF8FC2994D7D500C385E3 = {
			isa = PBXGroup;
			children = (
				7CDFF9072994D7D500C385E3 /* GeiselTime */,
				7CDFF91E2994D7DA00C385E3 /* GeiselTimeTests */,
				7CDFF9282994D7DA00C385E3 /* GeiselTimeUITests */,
				7CDFF9062994D7D500C385E3 /* Products */,
			);
			sourceTree = "<group>";
		};
		7CDFF9062994D7D500C385E3 /* Products */ = {
			isa = PBXGroup;
			children = (
				7CDFF9052994D7D500C385E3 /* GeiselTime.app */,
				7CDFF91B2994D7DA00C385E3 /* GeiselTimeTests.xctest */,
				7CDFF9252994D7DA00C385E3 /* GeiselTimeUITests.xctest */,
			);
			name = Products;
			sourceTree = "<group>";
		};
		7CDFF9072994D7D500C385E3 /* GeiselTime */ = {
			isa = PBXGroup;
			children = (
				7CDFF9082994D7D500C385E3 /* AppDelegate.swift */,
				7CDFF90A2994D7D500C385E3 /* SceneDelegate.swift */,
				7CDFF90C2994D7D500C385E3 /* ViewController.swift */,
				7CDFF90E2994D7D500C385E3 /* Main.storyboard */,
				7CDFF9112994D7DA00C385E3 /* Assets.xcassets */,
				7CDFF9132994D7DA00C385E3 /* LaunchScreen.storyboard */,
				7CDFF9162994D7DA00C385E3 /* Info.plist */,
			);
			path = GeiselTime;
			sourceTree = "<group>";
		};
		7CDFF91E2994D7DA00C385E3 /* GeiselTimeTests */ = {
			isa = PBXGroup;
			children = (
				7CDFF91F2994D7DA00C385E3 /* GeiselTimeTests.swift */,
			);
			path = GeiselTimeTests;
			sourceTree = "<group>";
		};
		7CDFF9282994D7DA00C385E3 /* GeiselTimeUITests */ = {
			isa = PBXGroup;
			children = (
				7CDFF9292994D7DA00C385E3 /* GeiselTimeUITests.swift */,
				7CDFF92B2994D7DA00C385E3 /* GeiselTimeUITestsLaunchTests.swift */,
			);
			path = GeiselTimeUITests;
			sourceTree = "<group>";
		};
/* End PBXGroup section */

/* Begin PBXNativeTarget section */
		7CDFF9042994D7D500C385E3 /* GeiselTime */ = {
			isa = PBXNativeTarget;
			buildConfigurationList = 7CDFF92F2994D7DA00C385E3 /* Build configuration list for PBXNativeTarget "GeiselTime" */;
			buildPhases = (
				7CDFF9012994D7D500C385E3 /* Sources */,
				7CDFF9022994D7D500C385E3 /* Frameworks */,
				7CDFF9032994D7D500C385E3 /* Resources */,
			);
			buildRules = (
			);
			dependencies = (
			);
			name = GeiselTime;
			productName = GeiselTime;
			productReference = 7CDFF9052994D7D500C385E3 /* GeiselTime.app */;
			productType = "com.apple.product-type.application";
		};
		7CDFF91A2994D7DA00C385E3 /* GeiselTimeTests */ = {
			isa = PBXNativeTarget;
			buildConfigurationList = 7CDFF9322994D7DA00C385E3 /* Build configuration list for PBXNativeTarget "GeiselTimeTests" */;
			buildPhases = (
				7CDFF9172994D7DA00C385E3 /* Sources */,
				7CDFF9182994D7DA00C385E3 /* Frameworks */,
				7CDFF9192994D7DA00C385E3 /* Resources */,
			);
			buildRules = (
			);
			dependencies = (
				7CDFF91D2994D7DA00C385E3 /* PBXTargetDependency */,
			);
			name = GeiselTimeTests;
			productName = GeiselTimeTests;
			productReference = 7CDFF91B2994D7DA00C385E3 /* GeiselTimeTests.xctest */;
			productType = "com.apple.product-type.bundle.unit-test";
		};
		7CDFF9242994D7DA00C385E3 /* GeiselTimeUITests */ = {
			isa = PBXNativeTarget;
			buildConfigurationList = 7CDFF9352994D7DA00C385E3 /* Build configuration list for PBXNativeTarget "GeiselTimeUITests" */;
			buildPhases = (
				7CDFF9212994D7DA00C385E3 /* Sources */,
				7CDFF9222994D7DA00C385E3 /* Frameworks */,
				7CDFF9232994D7DA00C385E3 /* Resources */,
			);
			buildRules = (
			);
			dependencies = (
				7CDFF9272994D7DA00C385E3 /* PBXTargetDependency */,
			);
			name = GeiselTimeUITests;
			productName = GeiselTimeUITests;
			productReference = 7CDFF9252994D7DA00C385E3 /* GeiselTimeUITests.xctest */;
			productType = "com.apple.product-type.bundle.ui-testing";
		};
/* End PBXNativeTarget section */

/* Begin PBXProject section */
		7CDFF8FD2994D7D500C385E3 /* Project object */ = {
			isa = PBXProject;
			attributes = {
				BuildIndependentTargetsInParallel = 1;
				LastSwiftUpdateCheck = 1340;
				LastUpgradeCheck = 1340;
				TargetAttributes = {
					7CDFF9042994D7D500C385E3 = {
						CreatedOnToolsVersion = 13.4.1;
					};
					7CDFF91A2994D7DA00C385E3 = {
						CreatedOnToolsVersion = 13.4.1;
						TestTargetID = 7CDFF9042994D7D500C385E3;
					};
					7CDFF9242994D7DA00C385E3 = {
						CreatedOnToolsVersion = 13.4.1;
						TestTargetID = 7CDFF9042994D7D500C385E3;
					};
				};
			};
			buildConfigurationList = 7CDFF9002994D7D500C385E3 /* Build configuration list for PBXProject "GeiselTime" */;
			compatibilityVersion = "Xcode 13.0";
			developmentRegion = en;
			hasScannedForEncodings = 0;
			knownRegions = (
				en,
				Base,
			);
			mainGroup = 7CDFF8FC2994D7D500C385E3;
			productRefGroup = 7CDFF9062994D7D500C385E3 /* Products */;
			projectDirPath = "";
			projectRoot = "";
			targets = (
				7CDFF9042994D7D500C385E3 /* GeiselTime */,
				7CDFF91A2994D7DA00C385E3 /* GeiselTimeTests */,
				7CDFF9242994D7DA00C385E3 /* GeiselTimeUITests */,
			);
		};
/* End PBXProject section */

/* Begin PBXResourcesBuildPhase section */
		7CDFF9032994D7D500C385E3 /* Resources */ = {
			isa = PBXResourcesBuildPhase;
			buildActionMask = 2147483647;
			files = (
				7CDFF9152994D7DA00C385E3 /* LaunchScreen.storyboard in Resources */,
				7CDFF9122994D7DA00C385E3 /* Assets.xcassets in Resources */,
				7CDFF9102994D7D500C385E3 /* Main.storyboard in Resources */,
			);
			runOnlyForDeploymentPostprocessing = 0;
		};
		7CDFF9192994D7DA00C385E3 /* Resources */ = {
			isa = PBXResourcesBuildPhase;
			buildActionMask = 2147483647;
			files = (
			);
			runOnlyForDeploymentPostprocessing = 0;
		};
		7CDFF9232994D7DA00C385E3 /* Resources */ = {
			isa = PBXResourcesBuildPhase;
			buildActionMask = 2147483647;
			files = (
			);
			runOnlyForDeploymentPostprocessing = 0;
		};
/* End PBXResourcesBuildPhase section */

/* Begin PBXSourcesBuildPhase section */
		7CDFF9012994D7D500C385E3 /* Sources */ = {
			isa = PBXSourcesBuildPhase;
			buildActionMask = 2147483647;
			files = (
				7CDFF90D2994D7D500C385E3 /* ViewController.swift in Sources */,
				7CDFF9092994D7D500C385E3 /* AppDelegate.swift in Sources */,
				7CDFF90B2994D7D500C385E3 /* SceneDelegate.swift in Sources */,
			);
			runOnlyForDeploymentPostprocessing = 0;
		};
		7CDFF9172994D7DA00C385E3 /* Sources */ = {
			isa = PBXSourcesBuildPhase;
			buildActionMask = 2147483647;
			files = (
				7CDFF9202994D7DA00C385E3 /* GeiselTimeTests.swift in Sources */,
			);
			runOnlyForDeploymentPostprocessing = 0;
		};
		7CDFF9212994D7DA00C385E3 /* Sources */ = {
			isa = PBXSourcesBuildPhase;
			buildActionMask = 2147483647;
			files = (
				7CDFF92C2994D7DA00C385E3 /* GeiselTimeUITestsLaunchTests.swift in Sources */,
				7CDFF92A2994D7DA00C385E3 /* GeiselTimeUITests.swift in Sources */,
			);
			runOnlyForDeploymentPostprocessing = 0;
		};
/* End PBXSourcesBuildPhase section */

/* Begin PBXTargetDependency section */
		7CDFF91D2994D7DA00C385E3 /* PBXTargetDependency */ = {
			isa = PBXTargetDependency;
			target = 7CDFF9042994D7D500C385E3 /* GeiselTime */;
			targetProxy = 7CDFF91C2994D7DA00C385E3 /* PBXContainerItemProxy */;
		};
		7CDFF9272994D7DA00C385E3 /* PBXTargetDependency */ = {
			isa = PBXTargetDependency;
			target = 7CDFF9042994D7D500C385E3 /* GeiselTime */;
			targetProxy = 7CDFF9262994D7DA00C385E3 /* PBXContainerItemProxy */;
		};
/* End PBXTargetDependency section */

/* Begin PBXVariantGroup section */
		7CDFF90E2994D7D500C385E3 /* Main.storyboard */ = {
			isa = PBXVariantGroup;
			children = (
				7CDFF90F2994D7D500C385E3 /* Base */,
			);
			name = Main.storyboard;
			sourceTree = "<group>";
		};
		7CDFF9132994D7DA00C385E3 /* LaunchScreen.storyboard */ = {
			isa = PBXVariantGroup;
			children = (
				7CDFF9142994D7DA00C385E3 /* Base */,
			);
			name = LaunchScreen.storyboard;
			sourceTree = "<group>";
		};
/* End PBXVariantGroup section */

/* Begin XCBuildConfiguration section */
		7CDFF92D2994D7DA00C385E3 /* Debug */ = {
			isa = XCBuildConfiguration;
			buildSettings = {
				ALWAYS_SEARCH_USER_PATHS = NO;
				CLANG_ANALYZER_NONNULL = YES;
				CLANG_ANALYZER_NUMBER_OBJECT_CONVERSION = YES_AGGRESSIVE;
				CLANG_CXX_LANGUAGE_STANDARD = "gnu++17";
				CLANG_ENABLE_MODULES = YES;
				CLANG_ENABLE_OBJC_ARC = YES;
				CLANG_ENABLE_OBJC_WEAK = YES;
				CLANG_WARN_BLOCK_CAPTURE_AUTORELEASING = YES;
				CLANG_WARN_BOOL_CONVERSION = YES;
				CLANG_WARN_COMMA = YES;
				CLANG_WARN_CONSTANT_CONVERSION = YES;
				CLANG_WARN_DEPRECATED_OBJC_IMPLEMENTATIONS = YES;
				CLANG_WARN_DIRECT_OBJC_ISA_USAGE = YES_ERROR;
				CLANG_WARN_DOCUMENTATION_COMMENTS = YES;
				CLANG_WARN_EMPTY_BODY = YES;
				CLANG_WARN_ENUM_CONVERSION = YES;
				CLANG_WARN_INFINITE_RECURSION = YES;
				CLANG_WARN_INT_CONVERSION = YES;
				CLANG_WARN_NON_LITERAL_NULL_CONVERSION = YES;
				CLANG_WARN_OBJC_IMPLICIT_RETAIN_SELF = YES;
				CLANG_WARN_OBJC_LITERAL_CONVERSION = YES;
				CLANG_WARN_OBJC_ROOT_CLASS = YES_ERROR;
				CLANG_WARN_QUOTED_INCLUDE_IN_FRAMEWORK_HEADER = YES;
				CLANG_WARN_RANGE_LOOP_ANALYSIS = YES;
				CLANG_WARN_STRICT_PROTOTYPES = YES;
				CLANG_WARN_SUSPICIOUS_MOVE = YES;
				CLANG_WARN_UNGUARDED_AVAILABILITY = YES_AGGRESSIVE;
				CLANG_WARN_UNREACHABLE_CODE = YES;
				CLANG_WARN__DUPLICATE_METHOD_MATCH = YES;
				COPY_PHASE_STRIP = NO;
				DEBUG_INFORMATION_FORMAT = dwarf;
				ENABLE_STRICT_OBJC_MSGSEND = YES;
				ENABLE_TESTABILITY = YES;
				GCC_C_LANGUAGE_STANDARD = gnu11;
				GCC_DYNAMIC_NO_PIC = NO;
				GCC_NO_COMMON_BLOCKS = YES;
				GCC_OPTIMIZATION_LEVEL = 0;
				GCC_PREPROCESSOR_DEFINITIONS = (
					"DEBUG=1",
					"$(inherited)",
				);
				GCC_WARN_64_TO_32_BIT_CONVERSION = YES;
				GCC_WARN_ABOUT_RETURN_TYPE = YES_ERROR;
				GCC_WARN_UNDECLARED_SELECTOR = YES;
				GCC_WARN_UNINITIALIZED_AUTOS = YES_AGGRESSIVE;
				GCC_WARN_UNUSED_FUNCTION = YES;
				GCC_WARN_UNUSED_VARIABLE = YES;
				IPHONEOS_DEPLOYMENT_TARGET = 15.5;
				MTL_ENABLE_DEBUG_INFO = INCLUDE_SOURCE;
				MTL_FAST_MATH = YES;
				ONLY_ACTIVE_ARCH = YES;
				SDKROOT = iphoneos;
				SWIFT_ACTIVE_COMPILATION_CONDITIONS = DEBUG;
				SWIFT_OPTIMIZATION_LEVEL = "-Onone";
			};
			name = Debug;
		};
		7CDFF92E2994D7DA00C385E3 /* Release */ = {
			isa = XCBuildConfiguration;
			buildSettings = {
				ALWAYS_SEARCH_USER_PATHS = NO;
				CLANG_ANALYZER_NONNULL = YES;
				CLANG_ANALYZER_NUMBER_OBJECT_CONVERSION = YES_AGGRESSIVE;
				CLANG_CXX_LANGUAGE_STANDARD = "gnu++17";
				CLANG_ENABLE_MODULES = YES;
				CLANG_ENABLE_OBJC_ARC = YES;
				CLANG_ENABLE_OBJC_WEAK = YES;
				CLANG_WARN_BLOCK_CAPTURE_AUTORELEASING = YES;
				CLANG_WARN_BOOL_CONVERSION = YES;
				CLANG_WARN_COMMA = YES;
				CLANG_WARN_CONSTANT_CONVERSION = YES;
				CLANG_WARN_DEPRECATED_OBJC_IMPLEMENTATIONS = YES;
				CLANG_WARN_DIRECT_OBJC_ISA_USAGE = YES_ERROR;
				CLANG_WARN_DOCUMENTATION_COMMENTS = YES;
				CLANG_WARN_EMPTY_BODY = YES;
				CLANG_WARN_ENUM_CONVERSION = YES;
				CLANG_WARN_INFINITE_RECURSION = YES;
				CLANG_WARN_INT_CONVERSION = YES;
				CLANG_WARN_NON_LITERAL_NULL_CONVERSION = YES;
				CLANG_WARN_OBJC_IMPLICIT_RETAIN_SELF = YES;
				CLANG_WARN_OBJC_LITERAL_CONVERSION = YES;
				CLANG_WARN_OBJC_ROOT_CLASS = YES_ERROR;
				CLANG_WARN_QUOTED_INCLUDE_IN_FRAMEWORK_HEADER = YES;
				CLANG_WARN_RANGE_LOOP_ANALYSIS = YES;
				CLANG_WARN_STRICT_PROTOTYPES = YES;
				CLANG_WARN_SUSPICIOUS_MOVE = YES;
				CLANG_WARN_UNGUARDED_AVAILABILITY = YES_AGGRESSIVE;
				CLANG_WARN_UNREACHABLE_CODE = YES;
				CLANG_WARN__DUPLICATE_METHOD_MATCH = YES;
				COPY_PHASE_STRIP = NO;
				DEBUG_INFORMATION_FORMAT = "dwarf-with-dsym";
				ENABLE_NS_ASSERTIONS = NO;
				ENABLE_STRICT_OBJC_MSGSEND = YES;
				GCC_C_LANGUAGE_STANDARD = gnu11;
				GCC_NO_COMMON_BLOCKS = YES;
				GCC_WARN_64_TO_32_BIT_CONVERSION = YES;
				GCC_WARN_ABOUT_RETURN_TYPE = YES_ERROR;
				GCC_WARN_UNDECLARED_SELECTOR = YES;
				GCC_WARN_UNINITIALIZED_AUTOS = YES_AGGRESSIVE;
				GCC_WARN_UNUSED_FUNCTION = YES;
				GCC_WARN_UNUSED_VARIABLE = YES;
				IPHONEOS_DEPLOYMENT_TARGET = 15.5;
				MTL_ENABLE_DEBUG_INFO = NO;
				MTL_FAST_MATH = YES;
				SDKROOT = iphoneos;
				SWIFT_COMPILATION_MODE = wholemodule;
				SWIFT_OPTIMIZATION_LEVEL = "-O";
				VALIDATE_PRODUCT = YES;
			};
			name = Release;
		};
		7CDFF9302994D7DA00C385E3 /* Debug */ = {
			isa = XCBuildConfiguration;
			buildSettings = {
				ASSETCATALOG_COMPILER_APPICON_NAME = AppIcon;
				ASSETCATALOG_COMPILER_GLOBAL_ACCENT_COLOR_NAME = AccentColor;
				CODE_SIGN_STYLE = Automatic;
				CURRENT_PROJECT_VERSION = 1;
				DEVELOPMENT_TEAM = Z696R9RYQP;
				GENERATE_INFOPLIST_FILE = YES;
				INFOPLIST_FILE = GeiselTime/Info.plist;
				INFOPLIST_KEY_UIApplicationSupportsIndirectInputEvents = YES;
				INFOPLIST_KEY_UILaunchStoryboardName = LaunchScreen;
				INFOPLIST_KEY_UIMainStoryboardFile = Main;
				INFOPLIST_KEY_UISupportedInterfaceOrientations_iPad = "UIInterfaceOrientationPortrait UIInterfaceOrientationPortraitUpsideDown UIInterfaceOrientationLandscapeLeft UIInterfaceOrientationLandscapeRight";
				INFOPLIST_KEY_UISupportedInterfaceOrientations_iPhone = "UIInterfaceOrientationPortrait UIInterfaceOrientationLandscapeLeft UIInterfaceOrientationLandscapeRight";
				LD_RUNPATH_SEARCH_PATHS = (
					"$(inherited)",
					"@executable_path/Frameworks",
				);
				MARKETING_VERSION = 1.0;
				PRODUCT_BUNDLE_IDENTIFIER = fiveoseven.GeiselTime;
				PRODUCT_NAME = "$(TARGET_NAME)";
				SWIFT_EMIT_LOC_STRINGS = YES;
				SWIFT_VERSION = 5.0;
				TARGETED_DEVICE_FAMILY = "1,2";
			};
			name = Debug;
		};
		7CDFF9312994D7DA00C385E3 /* Release */ = {
			isa = XCBuildConfiguration;
			buildSettings = {
				ASSETCATALOG_COMPILER_APPICON_NAME = AppIcon;
				ASSETCATALOG_COMPILER_GLOBAL_ACCENT_COLOR_NAME = AccentColor;
				CODE_SIGN_STYLE = Automatic;
				CURRENT_PROJECT_VERSION = 1;
				DEVELOPMENT_TEAM = Z696R9RYQP;
				GENERATE_INFOPLIST_FILE = YES;
				INFOPLIST_FILE = GeiselTime/Info.plist;
				INFOPLIST_KEY_UIApplicationSupportsIndirectInputEvents = YES;
				INFOPLIST_KEY_UILaunchStoryboardName = LaunchScreen;
				INFOPLIST_KEY_UIMainStoryboardFile = Main;
				INFOPLIST_KEY_UISupportedInterfaceOrientations_iPad = "UIInterfaceOrientationPortrait UIInterfaceOrientationPortraitUpsideDown UIInterfaceOrientationLandscapeLeft UIInterfaceOrientationLandscapeRight";
				INFOPLIST_KEY_UISupportedInterfaceOrientations_iPhone = "UIInterfaceOrientationPortrait UIInterfaceOrientationLandscapeLeft UIInterfaceOrientationLandscapeRight";
				LD_RUNPATH_SEARCH_PATHS = (
					"$(inherited)",
					"@executable_path/Frameworks",
				);
				MARKETING_VERSION = 1.0;
				PRODUCT_BUNDLE_IDENTIFIER = fiveoseven.GeiselTime;
				PRODUCT_NAME = "$(TARGET_NAME)";
				SWIFT_EMIT_LOC_STRINGS = YES;
				SWIFT_VERSION = 5.0;
				TARGETED_DEVICE_FAMILY = "1,2";
			};
			name = Release;
		};
		7CDFF9332994D7DA00C385E3 /* Debug */ = {
			isa = XCBuildConfiguration;
			buildSettings = {
				ALWAYS_EMBED_SWIFT_STANDARD_LIBRARIES = YES;
				BUNDLE_LOADER = "$(TEST_HOST)";
				CODE_SIGN_STYLE = Automatic;
				CURRENT_PROJECT_VERSION = 1;
				DEVELOPMENT_TEAM = Z696R9RYQP;
				GENERATE_INFOPLIST_FILE = YES;
				IPHONEOS_DEPLOYMENT_TARGET = 15.5;
				MARKETING_VERSION = 1.0;
				PRODUCT_BUNDLE_IDENTIFIER = fiveoseven.GeiselTimeTests;
				PRODUCT_NAME = "$(TARGET_NAME)";
				SWIFT_EMIT_LOC_STRINGS = NO;
				SWIFT_VERSION = 5.0;
				TARGETED_DEVICE_FAMILY = "1,2";
				TEST_HOST = "$(BUILT_PRODUCTS_DIR)/GeiselTime.app/GeiselTime";
			};
			name = Debug;
		};
		7CDFF9342994D7DA00C385E3 /* Release */ = {
			isa = XCBuildConfiguration;
			buildSettings = {
				ALWAYS_EMBED_SWIFT_STANDARD_LIBRARIES = YES;
				BUNDLE_LOADER = "$(TEST_HOST)";
				CODE_SIGN_STYLE = Automatic;
				CURRENT_PROJECT_VERSION = 1;
				DEVELOPMENT_TEAM = Z696R9RYQP;
				GENERATE_INFOPLIST_FILE = YES;
				IPHONEOS_DEPLOYMENT_TARGET = 15.5;
				MARKETING_VERSION = 1.0;
				PRODUCT_BUNDLE_IDENTIFIER = fiveoseven.GeiselTimeTests;
				PRODUCT_NAME = "$(TARGET_NAME)";
				SWIFT_EMIT_LOC_STRINGS = NO;
				SWIFT_VERSION = 5.0;
				TARGETED_DEVICE_FAMILY = "1,2";
				TEST_HOST = "$(BUILT_PRODUCTS_DIR)/GeiselTime.app/GeiselTime";
			};
			name = Release;
		};
		7CDFF9362994D7DA00C385E3 /* Debug */ = {
			isa = XCBuildConfiguration;
			buildSettings = {
				ALWAYS_EMBED_SWIFT_STANDARD_LIBRARIES = YES;
				CODE_SIGN_STYLE = Automatic;
				CURRENT_PROJECT_VERSION = 1;
				DEVELOPMENT_TEAM = Z696R9RYQP;
				GENERATE_INFOPLIST_FILE = YES;
				MARKETING_VERSION = 1.0;
				PRODUCT_BUNDLE_IDENTIFIER = fiveoseven.GeiselTimeUITests;
				PRODUCT_NAME = "$(TARGET_NAME)";
				SWIFT_EMIT_LOC_STRINGS = NO;
				SWIFT_VERSION = 5.0;
				TARGETED_DEVICE_FAMILY = "1,2";
				TEST_TARGET_NAME = GeiselTime;
			};
			name = Debug;
		};
		7CDFF9372994D7DA00C385E3 /* Release */ = {
			isa = XCBuildConfiguration;
			buildSettings = {
				ALWAYS_EMBED_SWIFT_STANDARD_LIBRARIES = YES;
				CODE_SIGN_STYLE = Automatic;
				CURRENT_PROJECT_VERSION = 1;
				DEVELOPMENT_TEAM = Z696R9RYQP;
				GENERATE_INFOPLIST_FILE = YES;
				MARKETING_VERSION = 1.0;
				PRODUCT_BUNDLE_IDENTIFIER = fiveoseven.GeiselTimeUITests;
				PRODUCT_NAME = "$(TARGET_NAME)";
				SWIFT_EMIT_LOC_STRINGS = NO;
				SWIFT_VERSION = 5.0;
				TARGETED_DEVICE_FAMILY = "1,2";
				TEST_TARGET_NAME = GeiselTime;
			};
			name = Release;
		};
/* End XCBuildConfiguration section */

/* Begin XCConfigurationList section */
		7CDFF9002994D7D500C385E3 /* Build configuration list for PBXProject "GeiselTime" */ = {
			isa = XCConfigurationList;
			buildConfigurations = (
				7CDFF92D2994D7DA00C385E3 /* Debug */,
				7CDFF92E2994D7DA00C385E3 /* Release */,
			);
			defaultConfigurationIsVisible = 0;
			defaultConfigurationName = Release;
		};
		7CDFF92F2994D7DA00C385E3 /* Build configuration list for PBXNativeTarget "GeiselTime" */ = {
			isa = XCConfigurationList;
			buildConfigurations = (
				7CDFF9302994D7DA00C385E3 /* Debug */,
				7CDFF9312994D7DA00C385E3 /* Release */,
			);
			defaultConfigurationIsVisible = 0;
			defaultConfigurationName = Release;
		};
		7CDFF9322994D7DA00C385E3 /* Build configuration list for PBXNativeTarget "GeiselTimeTests" */ = {
			isa = XCConfigurationList;
			buildConfigurations = (
				7CDFF9332994D7DA00C385E3 /* Debug */,
				7CDFF9342994D7DA00C385E3 /* Release */,
			);
			defaultConfigurationIsVisible = 0;
			defaultConfigurationName = Release;
		};
		7CDFF9352994D7DA00C385E3 /* Build configuration list for PBXNativeTarget "GeiselTimeUITests" */ = {
			isa = XCConfigurationList;
			buildConfigurations = (
				7CDFF9362994D7DA00C385E3 /* Debug */,
				7CDFF9372994D7DA00C385E3 /* Release */,
			);
			defaultConfigurationIsVisible = 0;
			defaultConfigurationName = Release;
		};
/* End XCConfigurationList section */
	};
	rootObject = 7CDFF8FD2994D7D500C385E3 /* Project object */;
}
